
Microsoft Visual Studio Solution File, Format Version 12.00
# Visual Studio Version 17
VisualStudioVersion = 17.2.32630.192
MinimumVisualStudioVersion = 10.0.40219.1
Project("{9A19103F-16F7-4668-BE54-9A1E7A4F7556}") = "TgBotRSIS", "TgBotRSIS\TgBotRSIS.csproj", "{D4773D20-451B-4FDC-AC5C-A4C107A7F1E8}"
EndProject
Project("{2150E333-8FDC-42A3-9474-1A3956D46DE8}") = "1.RSISBot", "1.RSISBot", "{A7F65BC5-95A3-4C66-91EC-DA50FAE21C6C}"
EndProject
Project("{2150E333-8FDC-42A3-9474-1A3956D46DE8}") = "4.Common", "4.Common", "{466F5307-1920-4828-87BD-A49015764729}"
EndProject
Project("{2150E333-8FDC-42A3-9474-1A3956D46DE8}") = "3.Model", "3.Model", "{4C9DB00D-0D8A-4A20-8B82-5FD7D92AE461}"
EndProject
Project("{2150E333-8FDC-42A3-9474-1A3956D46DE8}") = "2.BusinessLogic", "2.BusinessLogic", "{77974942-748E-4FDB-BB01-E78BF4049FC7}"
EndProject
Project("{9A19103F-16F7-4668-BE54-9A1E7A4F7556}") = "Bot.BusinessLogic", "Bot.BusinessLogic\Bot.BusinessLogic.csproj", "{99D338B3-6C8C-4AE3-BDB1-B14F354A6B07}"
EndProject
Project("{FAE04EC0-301F-11D3-BF4B-00C04F79EFBC}") = "Bot.Common", "Bot.Common\Bot.Common.csproj", "{7FA0875C-B35D-49DA-A56F-FEDC51E7FDEA}"
EndProject
Project("{FAE04EC0-301F-11D3-BF4B-00C04F79EFBC}") = "Bot.Model", "Bot.Model\Bot.Model.csproj", "{BC35E0AD-D17D-44B2-8900-68825AF77E8C}"
EndProject
Global
	GlobalSection(SolutionConfigurationPlatforms) = preSolution
		Debug|Any CPU = Debug|Any CPU
		Release|Any CPU = Release|Any CPU
	EndGlobalSection
	GlobalSection(ProjectConfigurationPlatforms) = postSolution
		{D4773D20-451B-4FDC-AC5C-A4C107A7F1E8}.Debug|Any CPU.ActiveCfg = Debug|Any CPU
		{D4773D20-451B-4FDC-AC5C-A4C107A7F1E8}.Debug|Any CPU.Build.0 = Debug|Any CPU
		{D4773D20-451B-4FDC-AC5C-A4C107A7F1E8}.Release|Any CPU.ActiveCfg = Release|Any CPU
		{D4773D20-451B-4FDC-AC5C-A4C107A7F1E8}.Release|Any CPU.Build.0 = Release|Any CPU
		{99D338B3-6C8C-4AE3-BDB1-B14F354A6B07}.Debug|Any CPU.ActiveCfg = Debug|Any CPU
		{99D338B3-6C8C-4AE3-BDB1-B14F354A6B07}.Debug|Any CPU.Build.0 = Debug|Any CPU
		{99D338B3-6C8C-4AE3-BDB1-B14F354A6B07}.Release|Any CPU.ActiveCfg = Release|Any CPU
		{99D338B3-6C8C-4AE3-BDB1-B14F354A6B07}.Release|Any CPU.Build.0 = Release|Any CPU
		{7FA0875C-B35D-49DA-A56F-FEDC51E7FDEA}.Debug|Any CPU.ActiveCfg = Debug|Any CPU
		{7FA0875C-B35D-49DA-A56F-FEDC51E7FDEA}.Debug|Any CPU.Build.0 = Debug|Any CPU
		{7FA0875C-B35D-49DA-A56F-FEDC51E7FDEA}.Release|Any CPU.ActiveCfg = Release|Any CPU
		{7FA0875C-B35D-49DA-A56F-FEDC51E7FDEA}.Release|Any CPU.Build.0 = Release|Any CPU
		{BC35E0AD-D17D-44B2-8900-68825AF77E8C}.Debug|Any CPU.ActiveCfg = Debug|Any CPU
		{BC35E0AD-D17D-44B2-8900-68825AF77E8C}.Debug|Any CPU.Build.0 = Debug|Any CPU
		{BC35E0AD-D17D-44B2-8900-68825AF77E8C}.Release|Any CPU.ActiveCfg = Release|Any CPU
		{BC35E0AD-D17D-44B2-8900-68825AF77E8C}.Release|Any CPU.Build.0 = Release|Any CPU
	EndGlobalSection
	GlobalSection(SolutionProperties) = preSolution
		HideSolutionNode = FALSE
	EndGlobalSection
	GlobalSection(NestedProjects) = preSolution
		{D4773D20-451B-4FDC-AC5C-A4C107A7F1E8} = {A7F65BC5-95A3-4C66-91EC-DA50FAE21C6C}
		{99D338B3-6C8C-4AE3-BDB1-B14F354A6B07} = {77974942-748E-4FDB-BB01-E78BF4049FC7}
		{7FA0875C-B35D-49DA-A56F-FEDC51E7FDEA} = {466F5307-1920-4828-87BD-A49015764729}
		{BC35E0AD-D17D-44B2-8900-68825AF77E8C} = {4C9DB00D-0D8A-4A20-8B82-5FD7D92AE461}
	EndGlobalSection
	GlobalSection(ExtensibilityGlobals) = postSolution
		SolutionGuid = {119C54E5-54C6-40E3-8694-3CCF6935C829}
	EndGlobalSection
EndGlobal
